{
  "version": 4,
  "terraform_version": "1.14.7",
  "serial": 1,
  "lineage": "29297748-b45e-2064-3cbb-a5921b373b35",
  "outputs": {},
  "resources": [
    {
      "mode": "managed",
      "type": "local_file",
      "name": "devops_project",
      "provider": "provider[\"registry.terraform.io/hashicorp/local\"]",
      "instances": [
        {
          "schema_version": 0,
          "attributes": {
            "content": "Terraform is managing my DevOps project.",
            "content_base64": null,
            "content_base64sha256": "vyaaH7Vork3cSrYAaJFS6aoJXw6UWZAzRfNy0Azn9zc=",
            "content_base64sha512": "21Jt3MEgyWg2eLeJpnW8XFK81TuChovdDQYiK/e3i65Vq2TLEQjphGdiwOz9MQUND11HM1ljL4lqTQhl2wPewg==",
            "content_md5": "0b70a354ca6c1794d45485175a9f12ac",
            "content_sha1": "f49efc1cd5f06704b5602b269fe4ddec88cace23",
            "content_sha256": "bf269a1fb568ae4ddc4ab600689152e9aa095f0e9459903345f372d00ce7f737",
            "content_sha512": "db526ddcc120c9683678b789a675bc5c52bcd53b82868bdd0d06222bf7b78bae55ab64cb1108e9846762c0ecfd31050d0f5d473359632f896a4d0865db03dec2",
            "directory_permission": "0777",
            "file_permission": "0777",
            "filename": "/tmp/simple-demo-terraform.txt",
            "id": "f49efc1cd5f06704b5602b269fe4ddec88cace23",
            "sensitive_content": null,
            "source": null
          },
          "sensitive_attributes": [
            [
              {
                "type": "get_attr",
                "value": "sensitive_content"
              }
            ]
          ],
          "identity_schema_version": 0
        }
      ]
    }
  ],
  "check_results": null
}
